PODS:
  - IQKeyboardManagerSwift (6.1.1)

DEPENDENCIES:
  - IQKeyboardManagerSwift (~> 6.1.1)

SPEC REPOS:
  https://github.com/cocoapods/specs.git:
    - IQKeyboardManagerSwift

SPEC CHECKSUMS:
  IQKeyboardManagerSwift: 977affaeb4d6e971975c7790a6850f31d38f1207

PODFILE CHECKSUM: ec7aa88ef8fe76bfab2a758ca8affa58ea160aae

COCOAPODS: 1.5.3
